// !$*UTF8*$!
{
	archiveVersion = 1;
	classes = {
	};
	objectVersion = 50;
	objects = {

/* Begin PBXBuildFile section */
		14D986A025E2302800DD8CBE /* MapViewController.swift in Sources */ = {isa = PBXBuildFile; fileRef = 14D9869F25E2302800DD8CBE /* MapViewController.swift */; };
		14D986A425E2A49E00DD8CBE /* WebKit.framework in Frameworks */ = {isa = PBXBuildFile; fileRef = 14D986A325E2A49E00DD8CBE /* WebKit.framework */; };
		14D986A725E2A4C400DD8CBE /* WebViewController.swift in Sources */ = {isa = PBXBuildFile; fileRef = 14D986A625E2A4C400DD8CBE /* WebViewController.swift */; };
		14E7B45E25DEA4DD00D38B86 /* AppDelegate.swift in Sources */ = {isa = PBXBuildFile; fileRef = 14E7B45D25DEA4DD00D38B86 /* AppDelegate.swift */; };
		14E7B46025DEA4DD00D38B86 /* SceneDelegate.swift in Sources */ = {isa = PBXBuildFile; fileRef = 14E7B45F25DEA4DD00D38B86 /* SceneDelegate.swift */; };
		14E7B46525DEA4DD00D38B86 /* Main.storyboard in Resources */ = {isa = PBXBuildFile; fileRef = 14E7B46325DEA4DD00D38B86 /* Main.storyboard */; };
		14E7B46725DEA4DD00D38B86 /* Assets.xcassets in Resources */ = {isa = PBXBuildFile; fileRef = 14E7B46625DEA4DD00D38B86 /* Assets.xcassets */; };
		14E7B46A25DEA4DD00D38B86 /* LaunchScreen.storyboard in Resources */ = {isa = PBXBuildFile; fileRef = 14E7B46825DEA4DD00D38B86 /* LaunchScreen.storyboard */; };
		14E7B47525DEAD1C00D38B86 /* ConversionViewController.swift in Sources */ = {isa = PBXBuildFile; fileRef = 14E7B47425DEAD1C00D38B86 /* ConversionViewController.swift */; };
/* End PBXBuildFile section */

/* Begin PBXFileReference section */
		14D9868C25E22D5500DD8CBE /* MapKit.framework */ = {isa = PBXFileReference; lastKnownFileType = wrapper.framework; name = MapKit.framework; path = System/Library/Frameworks/MapKit.framework; sourceTree = SDKROOT; };
		14D9869F25E2302800DD8CBE /* MapViewController.swift */ = {isa = PBXFileReference; lastKnownFileType = sourcecode.swift; path = MapViewController.swift; sourceTree = "<group>"; };
		14D986A325E2A49E00DD8CBE /* WebKit.framework */ = {isa = PBXFileReference; lastKnownFileType = wrapper.framework; name = WebKit.framework; path = System/Library/Frameworks/WebKit.framework; sourceTree = SDKROOT; };
		14D986A625E2A4C400DD8CBE /* WebViewController.swift */ = {isa = PBXFileReference; lastKnownFileType = sourcecode.swift; path = WebViewController.swift; sourceTree = "<group>"; };
		14E7B45A25DEA4DD00D38B86 /* WorldTrotter.app */ = {isa = PBXFileReference; explicitFileType = wrapper.application; includeInIndex = 0; path = WorldTrotter.app; sourceTree = BUILT_PRODUCTS_DIR; };
		14E7B45D25DEA4DD00D38B86 /* AppDelegate.swift */ = {isa = PBXFileReference; lastKnownFileType = sourcecode.swift; path = AppDelegate.swift; sourceTree = "<group>"; };
		14E7B45F25DEA4DD00D38B86 /* SceneDelegate.swift */ = {isa = PBXFileReference; lastKnownFileType = sourcecode.swift; path = SceneDelegate.swift; sourceTree = "<group>"; };
		14E7B46425DEA4DD00D38B86 /* Base */ = {isa = PBXFileReference; lastKnownFileType = file.storyboard; name = Base; path = Base.lproj/Main.storyboard; sourceTree = "<group>"; };
		14E7B46625DEA4DD00D38B86 /* Assets.xcassets */ = {isa = PBXFileReference; lastKnownFileType = folder.assetcatalog; path = Assets.xcassets; sourceTree = "<group>"; };
		14E7B46925DEA4DD00D38B86 /* Base */ = {isa = PBXFileReference; lastKnownFileType = file.storyboard; name = Base; path = Base.lproj/LaunchScreen.storyboard; sourceTree = "<group>"; };
		14E7B46B25DEA4DD00D38B86 /* Info.plist */ = {isa = PBXFileReference; lastKnownFileType = text.plist.xml; path = Info.plist; sourceTree = "<group>"; };
		14E7B47425DEAD1C00D38B86 /* ConversionViewController.swift */ = {isa = PBXFileReference; lastKnownFileType = sourcecode.swift; path = ConversionViewController.swift; sourceTree = "<group>"; };
/* End PBXFileReference section */

/* Begin PBXFrameworksBuildPhase section */
		14E7B45725DEA4DD00D38B86 /* Frameworks */ = {
			isa = PBXFrameworksBuildPhase;
			buildActionMask = 2147483647;
			files = (
				14D986A425E2A49E00DD8CBE /* WebKit.framework in Frameworks */,
			);
			runOnlyForDeploymentPostprocessing = 0;
		};
/* End PBXFrameworksBuildPhase section */

/* Begin PBXGroup section */
		14D9868B25E22D5500DD8CBE /* Frameworks */ = {
			isa = PBXGroup;
			children = (
				14D986A325E2A49E00DD8CBE /* WebKit.framework */,
				14D9868C25E22D5500DD8CBE /* MapKit.framework */,
			);
			name = Frameworks;
			sourceTree = "<group>";
		};
		14E7B45125DEA4DD00D38B86 = {
			isa = PBXGroup;
			children = (
				14E7B45C25DEA4DD00D38B86 /* WorldTrotter */,
				14E7B45B25DEA4DD00D38B86 /* Products */,
				14D9868B25E22D5500DD8CBE /* Frameworks */,
			);
			sourceTree = "<group>";
		};
		14E7B45B25DEA4DD00D38B86 /* Products */ = {
			isa = PBXGroup;
			children = (
				14E7B45A25DEA4DD00D38B86 /* WorldTrotter.app */,
			);
			name = Products;
			sourceTree = "<group>";
		};
		14E7B45C25DEA4DD00D38B86 /* WorldTrotter */ = {
			isa = PBXGroup;
			children = (
				14E7B45D25DEA4DD00D38B86 /* AppDelegate.swift */,
				14E7B45F25DEA4DD00D38B86 /* SceneDelegate.swift */,
				14E7B47425DEAD1C00D38B86 /* ConversionViewController.swift */,
				14D9869F25E2302800DD8CBE /* MapViewController.swift */,
				14D986A625E2A4C400DD8CBE /* WebViewController.swift */,
				14E7B46325DEA4DD00D38B86 /* Main.storyboard */,
				14E7B46625DEA4DD00D38B86 /* Assets.xcassets */,
				14E7B46825DEA4DD00D38B86 /* LaunchScreen.storyboard */,
				14E7B46B25DEA4DD00D38B86 /* Info.plist */,
			);
			path = WorldTrotter;
			sourceTree = "<group>";
		};
/* End PBXGroup section */

/* Begin PBXNativeTarget section */
		14E7B45925DEA4DD00D38B86 /* WorldTrotter */ = {
			isa = PBXNativeTarget;
			buildConfigurationList = 14E7B46E25DEA4DD00D38B86 /* Build configuration list for PBXNativeTarget "WorldTrotter" */;
			buildPhases = (
				14E7B45625DEA4DD00D38B86 /* Sources */,
				14E7B45725DEA4DD00D38B86 /* Frameworks */,
				14E7B45825DEA4DD00D38B86 /* Resources */,
			);
			buildRules = (
			);
			dependencies = (
			);
			name = WorldTrotter;
			productName = WorldTrotter;
			productReference = 14E7B45A25DEA4DD00D38B86 /* WorldTrotter.app */;
			productType = "com.apple.product-type.application";
		};
/* End PBXNativeTarget section */

/* Begin PBXProject section */
		14E7B45225DEA4DD00D38B86 /* Project object */ = {
			isa = PBXProject;
			attributes = {
				LastSwiftUpdateCheck = 1240;
				LastUpgradeCheck = 1240;
				TargetAttributes = {
					14E7B45925DEA4DD00D38B86 = {
						CreatedOnToolsVersion = 12.4;
					};
				};
			};
			buildConfigurationList = 14E7B45525DEA4DD00D38B86 /* Build configuration list for PBXProject "WorldTrotter" */;
			compatibilityVersion = "Xcode 9.3";
			developmentRegion = en;
			hasScannedForEncodings = 0;
			knownRegions = (
				en,
				Base,
			);
			mainGroup = 14E7B45125DEA4DD00D38B86;
			productRefGroup = 14E7B45B25DEA4DD00D38B86 /* Products */;
			projectDirPath = "";
			projectRoot = "";
			targets = (
				14E7B45925DEA4DD00D38B86 /* WorldTrotter */,
			);
		};
/* End PBXProject section */

/* Begin PBXResourcesBuildPhase section */
		14E7B45825DEA4DD00D38B86 /* Resources */ = {
			isa = PBXResourcesBuildPhase;
			buildActionMask = 2147483647;
			files = (
				14E7B46A25DEA4DD00D38B86 /* LaunchScreen.storyboard in Resources */,
				14E7B46725DEA4DD00D38B86 /* Assets.xcassets in Resources */,
				14E7B46525DEA4DD00D38B86 /* Main.storyboard in Resources */,
			);
			runOnlyForDeploymentPostprocessing = 0;
		};
/* End PBXResourcesBuildPhase section */

/* Begin PBXSourcesBuildPhase section */
		14E7B45625DEA4DD00D38B86 /* Sources */ = {
			isa = PBXSourcesBuildPhase;
			buildActionMask = 2147483647;
			files = (
				14E7B45E25DEA4DD00D38B86 /* AppDelegate.swift in Sources */,
				14E7B47525DEAD1C00D38B86 /* ConversionViewController.swift in Sources */,
				14E7B46025DEA4DD00D38B86 /* SceneDelegate.swift in Sources */,
				14D986A725E2A4C400DD8CBE /* WebViewController.swift in Sources */,
				14D986A025E2302800DD8CBE /* MapViewController.swift in Sources */,
			);
			runOnlyForDeploymentPostprocessing = 0;
		};
/* End PBXSourcesBuildPhase section */

/* Begin PBXVariantGroup section */
		14E7B46325DEA4DD00D38B86 /* Main.storyboard */ = {
			isa = PBXVariantGroup;
			children = (
				14E7B46425DEA4DD00D38B86 /* Base */,
			);
			name = Main.storyboard;
			sourceTree = "<group>";
		};
		14E7B46825DEA4DD00D38B86 /* LaunchScreen.storyboard */ = {
			isa = PBXVariantGroup;
			children = (
				14E7B46925DEA4DD00D38B86 /* Base */,
			);
			name = LaunchScreen.storyboard;
			sourceTree = "<group>";
		};
/* End PBXVariantGroup section */

/* Begin XCBuildConfiguration section */
		14E7B46C25DEA4DD00D38B86 /* Debug */ = {
			isa = XCBuildConfiguration;
			buildSettings = {
				ALWAYS_SEARCH_USER_PATHS = NO;
				CLANG_ANALYZER_NONNULL = YES;
				CLANG_ANALYZER_NUMBER_OBJECT_CONVERSION = YES_AGGRESSIVE;
				CLANG_CXX_LANGUAGE_STANDARD = "gnu++14";
				CLANG_CXX_LIBRARY = "libc++";
				CLANG_ENABLE_MODULES = YES;
				CLANG_ENABLE_OBJC_ARC = YES;
				CLANG_ENABLE_OBJC_WEAK = YES;
				CLANG_WARN_BLOCK_CAPTURE_AUTORELEASING = YES;
				CLANG_WARN_BOOL_CONVERSION = YES;
				CLANG_WARN_COMMA = YES;
				CLANG_WARN_CONSTANT_CONVERSION = YES;
				CLANG_WARN_DEPRECATED_OBJC_IMPLEMENTATIONS = YES;
				CLANG_WARN_DIRECT_OBJC_ISA_USAGE = YES_ERROR;
				CLANG_WARN_DOCUMENTATION_COMMENTS = YES;
				CLANG_WARN_EMPTY_BODY = YES;
				CLANG_WARN_ENUM_CONVERSION = YES;
				CLANG_WARN_INFINITE_RECURSION = YES;
				CLANG_WARN_INT_CONVERSION = YES;
				CLANG_WARN_NON_LITERAL_NULL_CONVERSION = YES;
				CLANG_WARN_OBJC_IMPLICIT_RETAIN_SELF = YES;
				CLANG_WARN_OBJC_LITERAL_CONVERSION = YES;
				CLANG_WARN_OBJC_ROOT_CLASS = YES_ERROR;
				CLANG_WARN_QUOTED_INCLUDE_IN_FRAMEWORK_HEADER = YES;
				CLANG_WARN_RANGE_LOOP_ANALYSIS = YES;
				CLANG_WARN_STRICT_PROTOTYPES = YES;
				CLANG_WARN_SUSPICIOUS_MOVE = YES;
				CLANG_WARN_UNGUARDED_AVAILABILITY = YES_AGGRESSIVE;
				CLANG_WARN_UNREACHABLE_CODE = YES;
				CLANG_WARN__DUPLICATE_METHOD_MATCH = YES;
				COPY_PHASE_STRIP = NO;
				DEBUG_INFORMATION_FORMAT = dwarf;
				ENABLE_STRICT_OBJC_MSGSEND = YES;
				ENABLE_TESTABILITY = YES;
				GCC_C_LANGUAGE_STANDARD = gnu11;
				GCC_DYNAMIC_NO_PIC = NO;
				GCC_NO_COMMON_BLOCKS = YES;
				GCC_OPTIMIZATION_LEVEL = 0;
				GCC_PREPROCESSOR_DEFINITIONS = (
					"DEBUG=1",
					"$(inherited)",
				);
				GCC_WARN_64_TO_32_BIT_CONVERSION = YES;
				GCC_WARN_ABOUT_RETURN_TYPE = YES_ERROR;
				GCC_WARN_UNDECLARED_SELECTOR = YES;
				GCC_WARN_UNINITIALIZED_AUTOS = YES_AGGRESSIVE;
				GCC_WARN_UNUSED_FUNCTION = YES;
				GCC_WARN_UNUSED_VARIABLE = YES;
				IPHONEOS_DEPLOYMENT_TARGET = 11.0;
				MTL_ENABLE_DEBUG_INFO = INCLUDE_SOURCE;
				MTL_FAST_MATH = YES;
				ONLY_ACTIVE_ARCH = YES;
				SDKROOT = iphoneos;
				SWIFT_ACTIVE_COMPILATION_CONDITIONS = DEBUG;
				SWIFT_OPTIMIZATION_LEVEL = "-Onone";
			};
			name = Debug;
		};
		14E7B46D25DEA4DD00D38B86 /* Release */ = {
			isa = XCBuildConfiguration;
			buildSettings = {
				ALWAYS_SEARCH_USER_PATHS = NO;
				CLANG_ANALYZER_NONNULL = YES;
				CLANG_ANALYZER_NUMBER_OBJECT_CONVERSION = YES_AGGRESSIVE;
				CLANG_CXX_LANGUAGE_STANDARD = "gnu++14";
				CLANG_CXX_LIBRARY = "libc++";
				CLANG_ENABLE_MODULES = YES;
				CLANG_ENABLE_OBJC_ARC = YES;
				CLANG_ENABLE_OBJC_WEAK = YES;
				CLANG_WARN_BLOCK_CAPTURE_AUTORELEASING = YES;
				CLANG_WARN_BOOL_CONVERSION = YES;
				CLANG_WARN_COMMA = YES;
				CLANG_WARN_CONSTANT_CONVERSION = YES;
				CLANG_WARN_DEPRECATED_OBJC_IMPLEMENTATIONS = YES;
				CLANG_WARN_DIRECT_OBJC_ISA_USAGE = YES_ERROR;
				CLANG_WARN_DOCUMENTATION_COMMENTS = YES;
				CLANG_WARN_EMPTY_BODY = YES;
				CLANG_WARN_ENUM_CONVERSION = YES;
				CLANG_WARN_INFINITE_RECURSION = YES;
				CLANG_WARN_INT_CONVERSION = YES;
				CLANG_WARN_NON_LITERAL_NULL_CONVERSION = YES;
				CLANG_WARN_OBJC_IMPLICIT_RETAIN_SELF = YES;
				CLANG_WARN_OBJC_LITERAL_CONVERSION = YES;
				CLANG_WARN_OBJC_ROOT_CLASS = YES_ERROR;
				CLANG_WARN_QUOTED_INCLUDE_IN_FRAMEWORK_HEADER = YES;
				CLANG_WARN_RANGE_LOOP_ANALYSIS = YES;
				CLANG_WARN_STRICT_PROTOTYPES = YES;
				CLANG_WARN_SUSPICIOUS_MOVE = YES;
				CLANG_WARN_UNGUARDED_AVAILABILITY = YES_AGGRESSIVE;
				CLANG_WARN_UNREACHABLE_CODE = YES;
				CLANG_WARN__DUPLICATE_METHOD_MATCH = YES;
				COPY_PHASE_STRIP = NO;
				DEBUG_INFORMATION_FORMAT = "dwarf-with-dsym";
				ENABLE_NS_ASSERTIONS = NO;
				ENABLE_STRICT_OBJC_MSGSEND = YES;
				GCC_C_LANGUAGE_STANDARD = gnu11;
				GCC_NO_COMMON_BLOCKS = YES;
				GCC_WARN_64_TO_32_BIT_CONVERSION = YES;
				GCC_WARN_ABOUT_RETURN_TYPE = YES_ERROR;
				GCC_WARN_UNDECLARED_SELECTOR = YES;
				GCC_WARN_UNINITIALIZED_AUTOS = YES_AGGRESSIVE;
				GCC_WARN_UNUSED_FUNCTION = YES;
				GCC_WARN_UNUSED_VARIABLE = YES;
				IPHONEOS_DEPLOYMENT_TARGET = 11.0;
				MTL_ENABLE_DEBUG_INFO = NO;
				MTL_FAST_MATH = YES;
				SDKROOT = iphoneos;
				SWIFT_COMPILATION_MODE = wholemodule;
				SWIFT_OPTIMIZATION_LEVEL = "-O";
				VALIDATE_PRODUCT = YES;
			};
			name = Release;
		};
		14E7B46F25DEA4DD00D38B86 /* Debug */ = {
			isa = XCBuildConfiguration;
			buildSettings = {
				ASSETCATALOG_COMPILER_APPICON_NAME = AppIcon;
				ASSETCATALOG_COMPILER_GLOBAL_ACCENT_COLOR_NAME = AccentColor;
				CODE_SIGN_STYLE = Automatic;
				DEVELOPMENT_TEAM = LXD862QGZA;
				INFOPLIST_FILE = WorldTrotter/Info.plist;
				LD_RUNPATH_SEARCH_PATHS = (
					"$(inherited)",
					"@executable_path/Frameworks",
				);
				PRODUCT_BUNDLE_IDENTIFIER = com.gmail.gusdnre.WorldTrotter;
				PRODUCT_NAME = "$(TARGET_NAME)";
				SWIFT_VERSION = 5.0;
				TARGETED_DEVICE_FAMILY = "1,2";
			};
			name = Debug;
		};
		14E7B47025DEA4DD00D38B86 /* Release */ = {
			isa = XCBuildConfiguration;
			buildSettings = {
				ASSETCATALOG_COMPILER_APPICON_NAME = AppIcon;
				ASSETCATALOG_COMPILER_GLOBAL_ACCENT_COLOR_NAME = AccentColor;
				CODE_SIGN_STYLE = Automatic;
				DEVELOPMENT_TEAM = LXD862QGZA;
				INFOPLIST_FILE = WorldTrotter/Info.plist;
				LD_RUNPATH_SEARCH_PATHS = (
					"$(inherited)",
					"@executable_path/Frameworks",
				);
				PRODUCT_BUNDLE_IDENTIFIER = com.gmail.gusdnre.WorldTrotter;
				PRODUCT_NAME = "$(TARGET_NAME)";
				SWIFT_VERSION = 5.0;
				TARGETED_DEVICE_FAMILY = "1,2";
			};
			name = Release;
		};
/* End XCBuildConfiguration section */

/* Begin XCConfigurationList section */
		14E7B45525DEA4DD00D38B86 /* Build configuration list for PBXProject "WorldTrotter" */ = {
			isa = XCConfigurationList;
			buildConfigurations = (
				14E7B46C25DEA4DD00D38B86 /* Debug */,
				14E7B46D25DEA4DD00D38B86 /* Release */,
			);
			defaultConfigurationIsVisible = 0;
			defaultConfigurationName = Release;
		};
		14E7B46E25DEA4DD00D38B86 /* Build configuration list for PBXNativeTarget "WorldTrotter" */ = {
			isa = XCConfigurationList;
			buildConfigurations = (
				14E7B46F25DEA4DD00D38B86 /* Debug */,
				14E7B47025DEA4DD00D38B86 /* Release */,
			);
			defaultConfigurationIsVisible = 0;
			defaultConfigurationName = Release;
		};
/* End XCConfigurationList section */
	};
	rootObject = 14E7B45225DEA4DD00D38B86 /* Project object */;
}
